
Microsoft Visual Studio Solution File, Format Version 12.00
Project("{FAE04EC0-301F-11D3-BF4B-00C04F79EFBC}") = "lab_05", "lab_05\lab_05.csproj", "{728B339B-F4CE-409B-987D-959D2D46C0E5}"
EndProject
Global
	GlobalSection(SolutionConfigurationPlatforms) = preSolution
		Debug|Any CPU = Debug|Any CPU
		Release|Any CPU = Release|Any CPU
	EndGlobalSection
	GlobalSection(ProjectConfigurationPlatforms) = postSolution
		{728B339B-F4CE-409B-987D-959D2D46C0E5}.Debug|Any CPU.ActiveCfg = Debug|Any CPU
		{728B339B-F4CE-409B-987D-959D2D46C0E5}.Debug|Any CPU.Build.0 = Debug|Any CPU
		{728B339B-F4CE-409B-987D-959D2D46C0E5}.Release|Any CPU.ActiveCfg = Release|Any CPU
		{728B339B-F4CE-409B-987D-959D2D46C0E5}.Release|Any CPU.Build.0 = Release|Any CPU
	EndGlobalSection
EndGlobal
